# This file is automatically @generated by Cargo.
# It is not intended for manual editing.
version = 3

[[package]]
name = "blake2b-ref"
version = "0.3.1"
source = "registry+https://github.com/rust-lang/crates.io-index"
checksum = "294d17c72e0ba59fad763caa112368d0672083779cdebbb97164f4bb4c1e339a"

[[package]]
name = "buddy-alloc"
version = "0.5.0"
source = "registry+https://github.com/rust-lang/crates.io-index"
checksum = "c6aa666383df80e31d5e162998ed05880695bb377f2a98210978e586f006aaec"

[[package]]
name = "cc"
version = "1.0.67"
source = "registry+https://github.com/rust-lang/crates.io-index"
checksum = "e3c69b077ad434294d3ce9f1f6143a2a4b89a8a2d54ef813d85003a4fd1137fd"

[[package]]
name = "cfg-if"
version = "1.0.0"
source = "registry+https://github.com/rust-lang/crates.io-index"
checksum = "baf1de4339761588bc0619e3cbc0120ee582ebb74b53b4efbf79117bd2da40fd"

[[package]]
name = "ckb-standalone-types"
version = "0.1.3"
source = "registry+https://github.com/rust-lang/crates.io-index"
checksum = "acafe9a1a706e9704a3c37cdc05fddb84cf991fb0744df21e5a0d91e128163b8"
dependencies = [
 "blake2b-ref",
 "cfg-if",
 "molecule",
]

[[package]]
name = "ckb-std"
version = "0.14.0"
source = "registry+https://github.com/rust-lang/crates.io-index"
checksum = "ef02519ff65a2326e0ce8d3b4920c7dedac28f79eee4d7aef3ce64fccb556710"
dependencies = [
 "buddy-alloc",
 "cc",
 "ckb-standalone-types",
]

[[package]]
name = "molecule"
version = "0.7.2"
source = "registry+https://github.com/rust-lang/crates.io-index"
checksum = "be5f63176422224eadd975789462a96cedaf339cd1009ef92fbdfaad39d35f5f"
dependencies = [
 "cfg-if",
]

[[package]]
name = "test-contract"
version = "0.1.0"
dependencies = [
 "ckb-std",
]
